{
  "name": "deploy-action",
  "version": "1.0.0",
  "lockfileVersion": 1,
  "requires": true,
  "dependencies": {
    "@actions/core": {
      "version": "1.2.5",
      "resolved": "http://npm.resolve-dev.ml:10080/@actions%2fcore/-/core-1.2.5.tgz",
      "integrity": "sha512-mwpoNjHSWWh0IiALdDEQi3tru124JKn0yVNziIBzTME8QRv7thwoghVuT1jBRjFvdtoHsqD58IRHy1nf86paRg=="
    }
  }
}
