# THIS IS AN AUTOGENERATED FILE. DO NOT EDIT THIS FILE DIRECTLY.
# yarn lockfile v1


"@actions/core@1.2.5":
  version "1.2.5"
  resolved "http://npm.resolve-dev.ml:10080/@actions%2fcore/-/core-1.2.5.tgz#fa57bf8c07a38191e243beb9ea9d8368c1cb02c8"
  integrity sha512-mwpoNjHSWWh0IiALdDEQi3tru124JKn0yVNziIBzTME8QRv7thwoghVuT1jBRjFvdtoHsqD58IRHy1nf86paRg==
