{
	"name": "resolve-redux",
	"version": "0.0.30",
	"lockfileVersion": 1,
	"requires": true,
	"dependencies": {
		"@types/graphql": {
			"version": "0.10.2",
			"resolved": "https://registry.npmjs.org/@types/graphql/-/graphql-0.10.2.tgz",
			"integrity": "sha512-Ayw0w+kr8vYd8DToiMXjcHxXv1ljWbqX2mnLwXDxkBgog3vywGriC0JZ+npsuohKs3+E88M8OOtobo4g0X3SIA==",
			"optional": true
		},
		"after": {
			"version": "0.8.2",
			"resolved": "https://registry.npmjs.org/after/-/after-0.8.2.tgz",
			"integrity": "sha1-/ts5T58OAqqXaOcCvaI7UF+ufh8="
		},
		"apollo-client": {
			"version": "1.9.3",
			"resolved": "https://registry.npmjs.org/apollo-client/-/apollo-client-1.9.3.tgz",
			"integrity": "sha512-JABKKbqvcw8DJm3YUkEmyx1SK74i+/DesEtAtyocJi10LLmeMQYQFpg8W3BG1tZsYEQ3owEmPbsdNGTly+VOQg==",
			"requires": {
				"@types/graphql": "0.10.2",
				"apollo-link-core": "0.5.4",
				"graphql": "0.10.5",
				"graphql-anywhere": "3.1.0",
				"graphql-tag": "2.4.2",
				"redux": "3.7.2",
				"symbol-observable": "1.0.4",
				"whatwg-fetch": "2.0.3"
			}
		},
		"apollo-link-core": {
			"version": "0.5.4",
			"resolved": "https://registry.npmjs.org/apollo-link-core/-/apollo-link-core-0.5.4.tgz",
			"integrity": "sha512-OxL0Kjizb0eS2ObldDqJEs/tFN9xI9RZuTJcaszgGy+xudoPXhIMCHMr7hGZhy0mK+U+BbBULZJw4YQU4J0ODQ==",
			"requires": {
				"graphql": "0.10.5",
				"graphql-tag": "2.4.2",
				"zen-observable-ts": "0.4.4"
			}
		},
		"arraybuffer.slice": {
			"version": "0.0.6",
			"resolved": "https://registry.npmjs.org/arraybuffer.slice/-/arraybuffer.slice-0.0.6.tgz",
			"integrity": "sha1-8zshWfBTKj8xB6JywMz70a0peco="
		},
		"asap": {
			"version": "2.0.6",
			"resolved": "https://registry.npmjs.org/asap/-/asap-2.0.6.tgz",
			"integrity": "sha1-5QNHYR1+aQlDIIu9r+vLwvuGbUY="
		},
		"assertion-error": {
			"version": "1.0.2",
			"resolved": "https://registry.npmjs.org/assertion-error/-/assertion-error-1.0.2.tgz",
			"integrity": "sha1-E8pRXYYgbaC6xm6DTdOX2HWBCUw=",
			"dev": true
		},
		"backo2": {
			"version": "1.0.2",
			"resolved": "https://registry.npmjs.org/backo2/-/backo2-1.0.2.tgz",
			"integrity": "sha1-MasayLEpNjRj41s+u2n038+6eUc="
		},
		"balanced-match": {
			"version": "1.0.0",
			"resolved": "https://registry.npmjs.org/balanced-match/-/balanced-match-1.0.0.tgz",
			"integrity": "sha1-ibTRmasr7kneFk6gK4nORi1xt2c=",
			"dev": true
		},
		"base64-arraybuffer": {
			"version": "0.1.5",
			"resolved": "https://registry.npmjs.org/base64-arraybuffer/-/base64-arraybuffer-0.1.5.tgz",
			"integrity": "sha1-c5JncZI7Whl0etZmqlzUv5xunOg="
		},
		"better-assert": {
			"version": "1.0.2",
			"resolved": "https://registry.npmjs.org/better-assert/-/better-assert-1.0.2.tgz",
			"integrity": "sha1-QIZrnhueC1W0gYlDEeaPr/rrxSI=",
			"requires": {
				"callsite": "1.0.0"
			}
		},
		"blob": {
			"version": "0.0.4",
			"resolved": "https://registry.npmjs.org/blob/-/blob-0.0.4.tgz",
			"integrity": "sha1-vPEwUspURj8w+fx+lbmkdjCpSSE="
		},
		"brace-expansion": {
			"version": "1.1.8",
			"resolved": "https://registry.npmjs.org/brace-expansion/-/brace-expansion-1.1.8.tgz",
			"integrity": "sha1-wHshHHyVLsH479Uad+8NHTmQopI=",
			"dev": true,
			"requires": {
				"balanced-match": "1.0.0",
				"concat-map": "0.0.1"
			}
		},
		"browser-stdout": {
			"version": "1.3.0",
			"resolved": "https://registry.npmjs.org/browser-stdout/-/browser-stdout-1.3.0.tgz",
			"integrity": "sha1-81HTKWnTL6XXpVZxVCY9korjvR8=",
			"dev": true
		},
		"callsite": {
			"version": "1.0.0",
			"resolved": "https://registry.npmjs.org/callsite/-/callsite-1.0.0.tgz",
			"integrity": "sha1-KAOY5dZkvXQDi28JBRU+borxvCA="
		},
		"chai": {
			"version": "3.5.0",
			"resolved": "https://registry.npmjs.org/chai/-/chai-3.5.0.tgz",
			"integrity": "sha1-TQJjewZ/6Vi9v906QOxW/vc3Mkc=",
			"dev": true,
			"requires": {
				"assertion-error": "1.0.2",
				"deep-eql": "0.1.3",
				"type-detect": "1.0.0"
			}
		},
		"commander": {
			"version": "2.9.0",
			"resolved": "https://registry.npmjs.org/commander/-/commander-2.9.0.tgz",
			"integrity": "sha1-nJkJQXbhIkDLItbFFGCYQA/g99Q=",
			"dev": true,
			"requires": {
				"graceful-readlink": "1.0.1"
			}
		},
		"component-bind": {
			"version": "1.0.0",
			"resolved": "https://registry.npmjs.org/component-bind/-/component-bind-1.0.0.tgz",
			"integrity": "sha1-AMYIq33Nk4l8AAllGx06jh5zu9E="
		},
		"component-emitter": {
			"version": "1.2.1",
			"resolved": "https://registry.npmjs.org/component-emitter/-/component-emitter-1.2.1.tgz",
			"integrity": "sha1-E3kY1teCg/ffemt8WmPhQOaUJeY="
		},
		"component-inherit": {
			"version": "0.0.3",
			"resolved": "https://registry.npmjs.org/component-inherit/-/component-inherit-0.0.3.tgz",
			"integrity": "sha1-ZF/ErfWLcrZJ1crmUTVhnbJv8UM="
		},
		"concat-map": {
			"version": "0.0.1",
			"resolved": "https://registry.npmjs.org/concat-map/-/concat-map-0.0.1.tgz",
			"integrity": "sha1-2Klr13/Wjfd5OnMDajug1UBdR3s=",
			"dev": true
		},
		"core-js": {
			"version": "1.2.7",
			"resolved": "https://registry.npmjs.org/core-js/-/core-js-1.2.7.tgz",
			"integrity": "sha1-ZSKUwUZR2yj6k70tX/KYOk8IxjY="
		},
		"debug": {
			"version": "2.6.8",
			"resolved": "https://registry.npmjs.org/debug/-/debug-2.6.8.tgz",
			"integrity": "sha1-5zFTHKLt4n0YgiJCfaF4IdaP9Pw=",
			"requires": {
				"ms": "2.0.0"
			}
		},
		"deep-eql": {
			"version": "0.1.3",
			"resolved": "https://registry.npmjs.org/deep-eql/-/deep-eql-0.1.3.tgz",
			"integrity": "sha1-71WKyrjeJSBs1xOQbXTlaTDrafI=",
			"dev": true,
			"requires": {
				"type-detect": "0.1.1"
			},
			"dependencies": {
				"type-detect": {
					"version": "0.1.1",
					"resolved": "https://registry.npmjs.org/type-detect/-/type-detect-0.1.1.tgz",
					"integrity": "sha1-C6XsKohWQORw6k6FBZcZANrFiCI=",
					"dev": true
				}
			}
		},
		"define-properties": {
			"version": "1.1.2",
			"resolved": "https://registry.npmjs.org/define-properties/-/define-properties-1.1.2.tgz",
			"integrity": "sha1-g6c/L+pWmJj7c3GTyPhzyvbUXJQ=",
			"requires": {
				"foreach": "2.0.5",
				"object-keys": "1.0.11"
			}
		},
		"diff": {
			"version": "3.2.0",
			"resolved": "https://registry.npmjs.org/diff/-/diff-3.2.0.tgz",
			"integrity": "sha1-yc45Okt8vQsFinJck98pkCeGj/k=",
			"dev": true
		},
		"encoding": {
			"version": "0.1.12",
			"resolved": "https://registry.npmjs.org/encoding/-/encoding-0.1.12.tgz",
			"integrity": "sha1-U4tm8+5izRq1HsMjgp0flIDHS+s=",
			"requires": {
				"iconv-lite": "0.4.19"
			}
		},
		"engine.io-client": {
			"version": "3.1.1",
			"resolved": "https://registry.npmjs.org/engine.io-client/-/engine.io-client-3.1.1.tgz",
			"integrity": "sha1-QVqYUrrbFPoAj6PvHjFgjbZ2EyU=",
			"requires": {
				"component-emitter": "1.2.1",
				"component-inherit": "0.0.3",
				"debug": "2.6.8",
				"engine.io-parser": "2.1.1",
				"has-cors": "1.1.0",
				"indexof": "0.0.1",
				"parsejson": "0.0.3",
				"parseqs": "0.0.5",
				"parseuri": "0.0.5",
				"ws": "2.3.1",
				"xmlhttprequest-ssl": "1.5.3",
				"yeast": "0.1.2"
			}
		},
		"engine.io-parser": {
			"version": "2.1.1",
			"resolved": "https://registry.npmjs.org/engine.io-parser/-/engine.io-parser-2.1.1.tgz",
			"integrity": "sha1-4Ps/DgRi9/WLt3waUun1p+JuRmg=",
			"requires": {
				"after": "0.8.2",
				"arraybuffer.slice": "0.0.6",
				"base64-arraybuffer": "0.1.5",
				"blob": "0.0.4",
				"has-binary2": "1.0.2"
			}
		},
		"enzyme-adapter-react-16": {
			"version": "1.0.1",
			"resolved": "https://registry.npmjs.org/enzyme-adapter-react-16/-/enzyme-adapter-react-16-1.0.1.tgz",
			"integrity": "sha1-Bmyxc15l2NlYQaAj+U2rPOYQnhc=",
			"requires": {
				"enzyme-adapter-utils": "1.0.1",
				"lodash": "4.17.4",
				"object.assign": "4.0.4",
				"object.values": "1.0.4",
				"prop-types": "15.6.0"
			}
		},
		"enzyme-adapter-utils": {
			"version": "1.0.1",
			"resolved": "https://registry.npmjs.org/enzyme-adapter-utils/-/enzyme-adapter-utils-1.0.1.tgz",
			"integrity": "sha1-/NgSIzOaVaMS91UmQeBFxAQIQAk=",
			"requires": {
				"lodash": "4.17.4",
				"object.assign": "4.0.4",
				"prop-types": "15.6.0"
			}
		},
		"es-abstract": {
			"version": "1.9.0",
			"resolved": "https://registry.npmjs.org/es-abstract/-/es-abstract-1.9.0.tgz",
			"integrity": "sha512-kk3IJoKo7A3pWJc0OV8yZ/VEX2oSUytfekrJiqoxBlKJMFAJVJVpGdHClCCTdv+Fn2zHfpDHHIelMFhZVfef3Q==",
			"requires": {
				"es-to-primitive": "1.1.1",
				"function-bind": "1.1.1",
				"has": "1.0.1",
				"is-callable": "1.1.3",
				"is-regex": "1.0.4"
			}
		},
		"es-to-primitive": {
			"version": "1.1.1",
			"resolved": "https://registry.npmjs.org/es-to-primitive/-/es-to-primitive-1.1.1.tgz",
			"integrity": "sha1-RTVSSKiJeQNLZ5Lhm7gfK3l13Q0=",
			"requires": {
				"is-callable": "1.1.3",
				"is-date-object": "1.0.1",
				"is-symbol": "1.0.1"
			}
		},
		"escape-string-regexp": {
			"version": "1.0.5",
			"resolved": "https://registry.npmjs.org/escape-string-regexp/-/escape-string-regexp-1.0.5.tgz",
			"integrity": "sha1-G2HAViGQqN/2rjuyzwIAyhMLhtQ=",
			"dev": true
		},
		"fbjs": {
			"version": "0.8.16",
			"resolved": "https://registry.npmjs.org/fbjs/-/fbjs-0.8.16.tgz",
			"integrity": "sha1-XmdDL1UNxBtXK/VYR7ispk5TN9s=",
			"requires": {
				"core-js": "1.2.7",
				"isomorphic-fetch": "2.2.1",
				"loose-envify": "1.3.1",
				"object-assign": "4.1.1",
				"promise": "7.3.1",
				"setimmediate": "1.0.5",
				"ua-parser-js": "0.7.14"
			}
		},
		"foreach": {
			"version": "2.0.5",
			"resolved": "https://registry.npmjs.org/foreach/-/foreach-2.0.5.tgz",
			"integrity": "sha1-C+4AUBiusmDQo6865ljdATbsG5k="
		},
		"formatio": {
			"version": "1.2.0",
			"resolved": "https://registry.npmjs.org/formatio/-/formatio-1.2.0.tgz",
			"integrity": "sha1-87IWfZBoxGmKjVH092CjmlTYGOs=",
			"dev": true,
			"requires": {
				"samsam": "1.2.1"
			}
		},
		"fs.realpath": {
			"version": "1.0.0",
			"resolved": "https://registry.npmjs.org/fs.realpath/-/fs.realpath-1.0.0.tgz",
			"integrity": "sha1-FQStJSMVjKpA20onh8sBQRmU6k8=",
			"dev": true
		},
		"function-bind": {
			"version": "1.1.1",
			"resolved": "https://registry.npmjs.org/function-bind/-/function-bind-1.1.1.tgz",
			"integrity": "sha512-yIovAzMX49sF8Yl58fSCWJ5svSLuaibPxXQJFLmBObTuCr0Mf1KiPopGM9NiFjiYBCbfaa2Fh6breQ6ANVTI0A=="
		},
		"glob": {
			"version": "7.1.1",
			"resolved": "https://registry.npmjs.org/glob/-/glob-7.1.1.tgz",
			"integrity": "sha1-gFIR3wT6rxxjo2ADBs31reULLsg=",
			"dev": true,
			"requires": {
				"fs.realpath": "1.0.0",
				"inflight": "1.0.6",
				"inherits": "2.0.3",
				"minimatch": "3.0.4",
				"once": "1.4.0",
				"path-is-absolute": "1.0.1"
			}
		},
		"graceful-readlink": {
			"version": "1.0.1",
			"resolved": "https://registry.npmjs.org/graceful-readlink/-/graceful-readlink-1.0.1.tgz",
			"integrity": "sha1-TK+tdrxi8C+gObL5Tpo906ORpyU=",
			"dev": true
		},
		"graphql": {
			"version": "0.10.5",
			"resolved": "https://registry.npmjs.org/graphql/-/graphql-0.10.5.tgz",
			"integrity": "sha512-Q7cx22DiLhwHsEfUnUip1Ww/Vfx7FS0w6+iHItNuN61+XpegHSa3k5U0+6M5BcpavQImBwFiy0z3uYwY7cXMLQ==",
			"requires": {
				"iterall": "1.1.3"
			}
		},
		"graphql-anywhere": {
			"version": "3.1.0",
			"resolved": "https://registry.npmjs.org/graphql-anywhere/-/graphql-anywhere-3.1.0.tgz",
			"integrity": "sha1-PqDY6GRrXO5oA1AWqadVfBXCHpY="
		},
		"graphql-tag": {
			"version": "2.4.2",
			"resolved": "https://registry.npmjs.org/graphql-tag/-/graphql-tag-2.4.2.tgz",
			"integrity": "sha1-amMpfYUi0DorctJvGyOaqzQ4QM0="
		},
		"growl": {
			"version": "1.9.2",
			"resolved": "https://registry.npmjs.org/growl/-/growl-1.9.2.tgz",
			"integrity": "sha1-Dqd0NxXbjY3ixe3hd14bRayFwC8=",
			"dev": true
		},
		"has": {
			"version": "1.0.1",
			"resolved": "https://registry.npmjs.org/has/-/has-1.0.1.tgz",
			"integrity": "sha1-hGFzP1OLCDfJNh45qauelwTcLyg=",
			"requires": {
				"function-bind": "1.1.1"
			}
		},
		"has-binary2": {
			"version": "1.0.2",
			"resolved": "https://registry.npmjs.org/has-binary2/-/has-binary2-1.0.2.tgz",
			"integrity": "sha1-6D26SfC5vk0CbSc2U1DZ8D9Uvpg=",
			"requires": {
				"isarray": "2.0.1"
			},
			"dependencies": {
				"isarray": {
					"version": "2.0.1",
					"resolved": "https://registry.npmjs.org/isarray/-/isarray-2.0.1.tgz",
					"integrity": "sha1-o32U7ZzaLVmGXJ92/llu4fM4dB4="
				}
			}
		},
		"has-cors": {
			"version": "1.1.0",
			"resolved": "https://registry.npmjs.org/has-cors/-/has-cors-1.1.0.tgz",
			"integrity": "sha1-XkdHk/fqmEPRu5nCPu9J/xJv/zk="
		},
		"has-flag": {
			"version": "1.0.0",
			"resolved": "https://registry.npmjs.org/has-flag/-/has-flag-1.0.0.tgz",
			"integrity": "sha1-nZ55MWXOAXoA8AQYxD+UKnsdEfo=",
			"dev": true
		},
		"he": {
			"version": "1.1.1",
			"resolved": "https://registry.npmjs.org/he/-/he-1.1.1.tgz",
			"integrity": "sha1-k0EP0hsAlzUVH4howvJx80J+I/0=",
			"dev": true
		},
		"hoist-non-react-statics": {
			"version": "2.3.1",
			"resolved": "https://registry.npmjs.org/hoist-non-react-statics/-/hoist-non-react-statics-2.3.1.tgz",
			"integrity": "sha1-ND24TGAYxlB3iJgkATWhQg7iLOA="
		},
		"iconv-lite": {
			"version": "0.4.19",
			"resolved": "https://registry.npmjs.org/iconv-lite/-/iconv-lite-0.4.19.tgz",
			"integrity": "sha512-oTZqweIP51xaGPI4uPa56/Pri/480R+mo7SeU+YETByQNhDG55ycFyNLIgta9vXhILrxXDmF7ZGhqZIcuN0gJQ=="
		},
		"indexof": {
			"version": "0.0.1",
			"resolved": "https://registry.npmjs.org/indexof/-/indexof-0.0.1.tgz",
			"integrity": "sha1-gtwzbSMrkGIXnQWrMpOmYFn9Q10="
		},
		"inflight": {
			"version": "1.0.6",
			"resolved": "https://registry.npmjs.org/inflight/-/inflight-1.0.6.tgz",
			"integrity": "sha1-Sb1jMdfQLQwJvJEKEHW6gWW1bfk=",
			"dev": true,
			"requires": {
				"once": "1.4.0",
				"wrappy": "1.0.2"
			}
		},
		"inherits": {
			"version": "2.0.3",
			"resolved": "https://registry.npmjs.org/inherits/-/inherits-2.0.3.tgz",
			"integrity": "sha1-Yzwsg+PaQqUC9SRmAiSA9CCCYd4=",
			"dev": true
		},
		"invariant": {
			"version": "2.2.2",
			"resolved": "https://registry.npmjs.org/invariant/-/invariant-2.2.2.tgz",
			"integrity": "sha1-nh9WrArNtr8wMwbzOL47IErmA2A=",
			"requires": {
				"loose-envify": "1.3.1"
			}
		},
		"is-callable": {
			"version": "1.1.3",
			"resolved": "https://registry.npmjs.org/is-callable/-/is-callable-1.1.3.tgz",
			"integrity": "sha1-hut1OSgF3cM69xySoO7fdO52BLI="
		},
		"is-date-object": {
			"version": "1.0.1",
			"resolved": "https://registry.npmjs.org/is-date-object/-/is-date-object-1.0.1.tgz",
			"integrity": "sha1-mqIOtq7rv/d/vTPnTKAbM1gdOhY="
		},
		"is-regex": {
			"version": "1.0.4",
			"resolved": "https://registry.npmjs.org/is-regex/-/is-regex-1.0.4.tgz",
			"integrity": "sha1-VRdIm1RwkbCTDglWVM7SXul+lJE=",
			"requires": {
				"has": "1.0.1"
			}
		},
		"is-stream": {
			"version": "1.1.0",
			"resolved": "https://registry.npmjs.org/is-stream/-/is-stream-1.1.0.tgz",
			"integrity": "sha1-EtSj3U5o4Lec6428hBc66A2RykQ="
		},
		"is-symbol": {
			"version": "1.0.1",
			"resolved": "https://registry.npmjs.org/is-symbol/-/is-symbol-1.0.1.tgz",
			"integrity": "sha1-PMWfAAJRlLarLjjbrmaJJWtmBXI="
		},
		"isarray": {
			"version": "0.0.1",
			"resolved": "https://registry.npmjs.org/isarray/-/isarray-0.0.1.tgz",
			"integrity": "sha1-ihis/Kmo9Bd+Cav8YDiTmwXR7t8=",
			"dev": true
		},
		"isomorphic-fetch": {
			"version": "2.2.1",
			"resolved": "https://registry.npmjs.org/isomorphic-fetch/-/isomorphic-fetch-2.2.1.tgz",
			"integrity": "sha1-YRrhrPFPXoH3KVB0coGf6XM1WKk=",
			"requires": {
				"node-fetch": "1.7.3",
				"whatwg-fetch": "2.0.3"
			}
		},
		"iterall": {
			"version": "1.1.3",
			"resolved": "https://registry.npmjs.org/iterall/-/iterall-1.1.3.tgz",
			"integrity": "sha512-Cu/kb+4HiNSejAPhSaN1VukdNTTi/r4/e+yykqjlG/IW+1gZH5b4+Bq3whDX4tvbYugta3r8KTMUiqT3fIGxuQ=="
		},
		"js-tokens": {
			"version": "3.0.2",
			"resolved": "https://registry.npmjs.org/js-tokens/-/js-tokens-3.0.2.tgz",
			"integrity": "sha1-mGbfOVECEw449/mWvOtlRDIJwls="
		},
		"json3": {
			"version": "3.3.2",
			"resolved": "https://registry.npmjs.org/json3/-/json3-3.3.2.tgz",
			"integrity": "sha1-PAQ0dD35Pi9cQq7nsZvLSDV19OE=",
			"dev": true
		},
		"lodash": {
			"version": "4.17.4",
			"resolved": "https://registry.npmjs.org/lodash/-/lodash-4.17.4.tgz",
			"integrity": "sha1-eCA6TRwyiuHYbcpkYONptX9AVa4="
		},
		"lodash-es": {
			"version": "4.17.4",
			"resolved": "https://registry.npmjs.org/lodash-es/-/lodash-es-4.17.4.tgz",
			"integrity": "sha1-3MHXVS4VCgZABzupyzHXDwMpUOc="
		},
		"lodash._baseassign": {
			"version": "3.2.0",
			"resolved": "https://registry.npmjs.org/lodash._baseassign/-/lodash._baseassign-3.2.0.tgz",
			"integrity": "sha1-jDigmVAPIVrQnlnxci/QxSv+Ck4=",
			"dev": true,
			"requires": {
				"lodash._basecopy": "3.0.1",
				"lodash.keys": "3.1.2"
			}
		},
		"lodash._basecopy": {
			"version": "3.0.1",
			"resolved": "https://registry.npmjs.org/lodash._basecopy/-/lodash._basecopy-3.0.1.tgz",
			"integrity": "sha1-jaDmqHbPNEwK2KVIghEd08XHyjY=",
			"dev": true
		},
		"lodash._basecreate": {
			"version": "3.0.3",
			"resolved": "https://registry.npmjs.org/lodash._basecreate/-/lodash._basecreate-3.0.3.tgz",
			"integrity": "sha1-G8ZhYU2qf8MRt9A78WgGoCE8+CE=",
			"dev": true
		},
		"lodash._getnative": {
			"version": "3.9.1",
			"resolved": "https://registry.npmjs.org/lodash._getnative/-/lodash._getnative-3.9.1.tgz",
			"integrity": "sha1-VwvH3t5G1hzc3mh9ZdPuy6o6r/U=",
			"dev": true
		},
		"lodash._isiterateecall": {
			"version": "3.0.9",
			"resolved": "https://registry.npmjs.org/lodash._isiterateecall/-/lodash._isiterateecall-3.0.9.tgz",
			"integrity": "sha1-UgOte6Ql+uhCRg5pbbnPPmqsBXw=",
			"dev": true
		},
		"lodash.create": {
			"version": "3.1.1",
			"resolved": "https://registry.npmjs.org/lodash.create/-/lodash.create-3.1.1.tgz",
			"integrity": "sha1-1/KEnw29p+BGgruM1yqwIkYd6+c=",
			"dev": true,
			"requires": {
				"lodash._baseassign": "3.2.0",
				"lodash._basecreate": "3.0.3",
				"lodash._isiterateecall": "3.0.9"
			}
		},
		"lodash.isarguments": {
			"version": "3.1.0",
			"resolved": "https://registry.npmjs.org/lodash.isarguments/-/lodash.isarguments-3.1.0.tgz",
			"integrity": "sha1-L1c9hcaiQon/AGY7SRwdM4/zRYo=",
			"dev": true
		},
		"lodash.isarray": {
			"version": "3.0.4",
			"resolved": "https://registry.npmjs.org/lodash.isarray/-/lodash.isarray-3.0.4.tgz",
			"integrity": "sha1-eeTriMNqgSKvhvhEqpvNhRtfu1U=",
			"dev": true
		},
		"lodash.keys": {
			"version": "3.1.2",
			"resolved": "https://registry.npmjs.org/lodash.keys/-/lodash.keys-3.1.2.tgz",
			"integrity": "sha1-TbwEcrFWvlCgsoaFXRvQsMZWCYo=",
			"dev": true,
			"requires": {
				"lodash._getnative": "3.9.1",
				"lodash.isarguments": "3.1.0",
				"lodash.isarray": "3.0.4"
			}
		},
		"lodash.pick": {
			"version": "4.4.0",
			"resolved": "https://registry.npmjs.org/lodash.pick/-/lodash.pick-4.4.0.tgz",
			"integrity": "sha1-UvBWEP/53tQiYRRB7R/BI6AwAbM="
		},
		"lolex": {
			"version": "1.6.0",
			"resolved": "https://registry.npmjs.org/lolex/-/lolex-1.6.0.tgz",
			"integrity": "sha1-OpoCg0UqR9dDnnJzG54H1zhuSfY=",
			"dev": true
		},
		"loose-envify": {
			"version": "1.3.1",
			"resolved": "https://registry.npmjs.org/loose-envify/-/loose-envify-1.3.1.tgz",
			"integrity": "sha1-0aitM/qc4OcT1l/dCsi3SNR4yEg=",
			"requires": {
				"js-tokens": "3.0.2"
			}
		},
		"minimatch": {
			"version": "3.0.4",
			"resolved": "https://registry.npmjs.org/minimatch/-/minimatch-3.0.4.tgz",
			"integrity": "sha512-yJHVQEhyqPLUTgt9B83PXu6W3rx4MvvHvSUvToogpwoGDOUQ+yDrR0HRot+yOCdCO7u4hX3pWft6kWBBcqh0UA==",
			"dev": true,
			"requires": {
				"brace-expansion": "1.1.8"
			}
		},
		"minimist": {
			"version": "0.0.8",
			"resolved": "https://registry.npmjs.org/minimist/-/minimist-0.0.8.tgz",
			"integrity": "sha1-hX/Kv8M5fSYluCKCYuhqp6ARsF0=",
			"dev": true
		},
		"mkdirp": {
			"version": "0.5.1",
			"resolved": "https://registry.npmjs.org/mkdirp/-/mkdirp-0.5.1.tgz",
			"integrity": "sha1-MAV0OOrGz3+MR2fzhkjWaX11yQM=",
			"dev": true,
			"requires": {
				"minimist": "0.0.8"
			}
		},
		"mocha": {
			"version": "3.5.3",
			"resolved": "https://registry.npmjs.org/mocha/-/mocha-3.5.3.tgz",
			"integrity": "sha512-/6na001MJWEtYxHOV1WLfsmR4YIynkUEhBwzsb+fk2qmQ3iqsi258l/Q2MWHJMImAcNpZ8DEdYAK72NHoIQ9Eg==",
			"dev": true,
			"requires": {
				"browser-stdout": "1.3.0",
				"commander": "2.9.0",
				"debug": "2.6.8",
				"diff": "3.2.0",
				"escape-string-regexp": "1.0.5",
				"glob": "7.1.1",
				"growl": "1.9.2",
				"he": "1.1.1",
				"json3": "3.3.2",
				"lodash.create": "3.1.1",
				"mkdirp": "0.5.1",
				"supports-color": "3.1.2"
			}
		},
		"ms": {
			"version": "2.0.0",
			"resolved": "https://registry.npmjs.org/ms/-/ms-2.0.0.tgz",
			"integrity": "sha1-VgiurfwAvmwpAd9fmGF4jeDVl8g="
		},
		"native-promise-only": {
			"version": "0.8.1",
			"resolved": "https://registry.npmjs.org/native-promise-only/-/native-promise-only-0.8.1.tgz",
			"integrity": "sha1-IKMYwwy0X3H+et+/eyHJnBRy7xE=",
			"dev": true
		},
		"node-fetch": {
			"version": "1.7.3",
			"resolved": "https://registry.npmjs.org/node-fetch/-/node-fetch-1.7.3.tgz",
			"integrity": "sha512-NhZ4CsKx7cYm2vSrBAr2PvFOe6sWDf0UYLRqA6svUYg7+/TSfVAu49jYC4BvQ4Sms9SZgdqGBgroqfDhJdTyKQ==",
			"requires": {
				"encoding": "0.1.12",
				"is-stream": "1.1.0"
			}
		},
		"object-assign": {
			"version": "4.1.1",
			"resolved": "https://registry.npmjs.org/object-assign/-/object-assign-4.1.1.tgz",
			"integrity": "sha1-IQmtx5ZYh8/AXLvUQsrIv7s2CGM="
		},
		"object-component": {
			"version": "0.0.3",
			"resolved": "https://registry.npmjs.org/object-component/-/object-component-0.0.3.tgz",
			"integrity": "sha1-8MaapQ78lbhmwYb0AKM3acsvEpE="
		},
		"object-keys": {
			"version": "1.0.11",
			"resolved": "https://registry.npmjs.org/object-keys/-/object-keys-1.0.11.tgz",
			"integrity": "sha1-xUYBd4rVYPEULODgG8yotW0TQm0="
		},
		"object.assign": {
			"version": "4.0.4",
			"resolved": "https://registry.npmjs.org/object.assign/-/object.assign-4.0.4.tgz",
			"integrity": "sha1-scnMBE7xuf5jYG/BQau7MuFHMMw=",
			"requires": {
				"define-properties": "1.1.2",
				"function-bind": "1.1.1",
				"object-keys": "1.0.11"
			}
		},
		"object.values": {
			"version": "1.0.4",
			"resolved": "https://registry.npmjs.org/object.values/-/object.values-1.0.4.tgz",
			"integrity": "sha1-5STaCbT2b/Bd9FdUbscqyZ8TBpo=",
			"requires": {
				"define-properties": "1.1.2",
				"es-abstract": "1.9.0",
				"function-bind": "1.1.1",
				"has": "1.0.1"
			}
		},
		"once": {
			"version": "1.4.0",
			"resolved": "https://registry.npmjs.org/once/-/once-1.4.0.tgz",
			"integrity": "sha1-WDsap3WWHUsROsF9nFC6753Xa9E=",
			"dev": true,
			"requires": {
				"wrappy": "1.0.2"
			}
		},
		"parsejson": {
			"version": "0.0.3",
			"resolved": "https://registry.npmjs.org/parsejson/-/parsejson-0.0.3.tgz",
			"integrity": "sha1-q343WfIJ7OmUN5c/fQ8fZK4OZKs=",
			"requires": {
				"better-assert": "1.0.2"
			}
		},
		"parseqs": {
			"version": "0.0.5",
			"resolved": "https://registry.npmjs.org/parseqs/-/parseqs-0.0.5.tgz",
			"integrity": "sha1-1SCKNzjkZ2bikbouoXNoSSGouJ0=",
			"requires": {
				"better-assert": "1.0.2"
			}
		},
		"parseuri": {
			"version": "0.0.5",
			"resolved": "https://registry.npmjs.org/parseuri/-/parseuri-0.0.5.tgz",
			"integrity": "sha1-gCBKUNTbt3m/3G6+J3jZDkvOMgo=",
			"requires": {
				"better-assert": "1.0.2"
			}
		},
		"path-is-absolute": {
			"version": "1.0.1",
			"resolved": "https://registry.npmjs.org/path-is-absolute/-/path-is-absolute-1.0.1.tgz",
			"integrity": "sha1-F0uSaHNVNP+8es5r9TpanhtcX18=",
			"dev": true
		},
		"path-to-regexp": {
			"version": "1.7.0",
			"resolved": "https://registry.npmjs.org/path-to-regexp/-/path-to-regexp-1.7.0.tgz",
			"integrity": "sha1-Wf3g9DW62suhA6hOnTvGTpa5k30=",
			"dev": true,
			"requires": {
				"isarray": "0.0.1"
			}
		},
		"promise": {
			"version": "7.3.1",
			"resolved": "https://registry.npmjs.org/promise/-/promise-7.3.1.tgz",
			"integrity": "sha512-nolQXZ/4L+bP/UGlkfaIujX9BKxGwmQ9OT4mOt5yvy8iK1h3wqTEJCijzGANTCCl9nWjY41juyAn2K3Q1hLLTg==",
			"requires": {
				"asap": "2.0.6"
			}
		},
		"prop-types": {
			"version": "15.6.0",
			"resolved": "https://registry.npmjs.org/prop-types/-/prop-types-15.6.0.tgz",
			"integrity": "sha1-zq8IMCL8RrSjX2nhPvda7Q1jmFY=",
			"requires": {
				"fbjs": "0.8.16",
				"loose-envify": "1.3.1",
				"object-assign": "4.1.1"
			}
		},
		"react": {
			"version": "16.0.0",
			"resolved": "https://registry.npmjs.org/react/-/react-16.0.0.tgz",
			"integrity": "sha1-zn348ZQbA28Cssyp29DLHw6FXi0=",
			"requires": {
				"fbjs": "0.8.16",
				"loose-envify": "1.3.1",
				"object-assign": "4.1.1",
				"prop-types": "15.6.0"
			}
		},
		"react-apollo": {
			"version": "1.4.16",
			"resolved": "https://registry.npmjs.org/react-apollo/-/react-apollo-1.4.16.tgz",
			"integrity": "sha512-/Htq9zI/u/PpIdoH/qBU9Zty09U23biH585H52GvEF0m/kK9te9QFCnYfjKpB30DS6YleIk1uKNcqeK3HEfU6w==",
			"requires": {
				"apollo-client": "1.9.3",
				"enzyme-adapter-react-16": "1.0.1",
				"graphql-tag": "2.4.2",
				"hoist-non-react-statics": "2.3.1",
				"invariant": "2.2.2",
				"lodash.pick": "4.4.0",
				"object-assign": "4.1.1",
				"prop-types": "15.6.0"
			}
		},
		"redux": {
			"version": "3.7.2",
			"resolved": "https://registry.npmjs.org/redux/-/redux-3.7.2.tgz",
			"integrity": "sha512-pNqnf9q1hI5HHZRBkj3bAngGZW/JMCmexDlOxw4XagXY2o1327nHH54LoTjiPJ0gizoqPDRqWyX/00g0hD6w+A==",
			"requires": {
				"lodash": "4.17.4",
				"lodash-es": "4.17.4",
				"loose-envify": "1.3.1",
				"symbol-observable": "1.0.4"
			}
		},
		"regenerator-runtime": {
			"version": "0.11.0",
			"resolved": "https://registry.npmjs.org/regenerator-runtime/-/regenerator-runtime-0.11.0.tgz",
			"integrity": "sha512-/aA0kLeRb5N9K0d4fw7ooEbI+xDe+DKD499EQqygGqeS8N3xto15p09uY2xj7ixP81sNPXvRLnAQIqdVStgb1A=="
		},
		"safe-buffer": {
			"version": "5.0.1",
			"resolved": "https://registry.npmjs.org/safe-buffer/-/safe-buffer-5.0.1.tgz",
			"integrity": "sha1-0mPKVGls2KMGtcplUekt5XkY++c="
		},
		"samsam": {
			"version": "1.2.1",
			"resolved": "https://registry.npmjs.org/samsam/-/samsam-1.2.1.tgz",
			"integrity": "sha1-7dOQk6MYQ3DLhZJDsr3yVefY6mc=",
			"dev": true
		},
		"seamless-immutable": {
			"version": "7.1.2",
			"resolved": "https://registry.npmjs.org/seamless-immutable/-/seamless-immutable-7.1.2.tgz",
			"integrity": "sha1-yHoeumdnoyRVMR12YArF7d6vu2k=",
			"dev": true
		},
		"setimmediate": {
			"version": "1.0.5",
			"resolved": "https://registry.npmjs.org/setimmediate/-/setimmediate-1.0.5.tgz",
			"integrity": "sha1-KQy7Iy4waULX1+qbg3Mqt4VvgoU="
		},
		"sinon": {
			"version": "2.4.1",
			"resolved": "https://registry.npmjs.org/sinon/-/sinon-2.4.1.tgz",
			"integrity": "sha512-vFTrO9Wt0ECffDYIPSP/E5bBugt0UjcBQOfQUMh66xzkyPEnhl/vM2LRZi2ajuTdkH07sA6DzrM6KvdvGIH8xw==",
			"dev": true,
			"requires": {
				"diff": "3.2.0",
				"formatio": "1.2.0",
				"lolex": "1.6.0",
				"native-promise-only": "0.8.1",
				"path-to-regexp": "1.7.0",
				"samsam": "1.2.1",
				"text-encoding": "0.6.4",
				"type-detect": "4.0.3"
			},
			"dependencies": {
				"type-detect": {
					"version": "4.0.3",
					"resolved": "https://registry.npmjs.org/type-detect/-/type-detect-4.0.3.tgz",
					"integrity": "sha1-Dj8mcLRAmbC0bChNE2p+9Jx0wuo=",
					"dev": true
				}
			}
		},
		"socket.io-client": {
			"version": "2.0.3",
			"resolved": "https://registry.npmjs.org/socket.io-client/-/socket.io-client-2.0.3.tgz",
			"integrity": "sha1-bK9K/5+FsZ/ZG2zhPWmttWT4hzs=",
			"requires": {
				"backo2": "1.0.2",
				"base64-arraybuffer": "0.1.5",
				"component-bind": "1.0.0",
				"component-emitter": "1.2.1",
				"debug": "2.6.8",
				"engine.io-client": "3.1.1",
				"has-cors": "1.1.0",
				"indexof": "0.0.1",
				"object-component": "0.0.3",
				"parseqs": "0.0.5",
				"parseuri": "0.0.5",
				"socket.io-parser": "3.1.2",
				"to-array": "0.1.4"
			}
		},
		"socket.io-parser": {
			"version": "3.1.2",
			"resolved": "https://registry.npmjs.org/socket.io-parser/-/socket.io-parser-3.1.2.tgz",
			"integrity": "sha1-28IoIVH8T6675Aru3Ady66YZ9/I=",
			"requires": {
				"component-emitter": "1.2.1",
				"debug": "2.6.8",
				"has-binary2": "1.0.2",
				"isarray": "2.0.1"
			},
			"dependencies": {
				"isarray": {
					"version": "2.0.1",
					"resolved": "https://registry.npmjs.org/isarray/-/isarray-2.0.1.tgz",
					"integrity": "sha1-o32U7ZzaLVmGXJ92/llu4fM4dB4="
				}
			}
		},
		"supports-color": {
			"version": "3.1.2",
			"resolved": "https://registry.npmjs.org/supports-color/-/supports-color-3.1.2.tgz",
			"integrity": "sha1-cqJiiU2dQIuVbKBf83su2KbiotU=",
			"dev": true,
			"requires": {
				"has-flag": "1.0.0"
			}
		},
		"symbol-observable": {
			"version": "1.0.4",
			"resolved": "https://registry.npmjs.org/symbol-observable/-/symbol-observable-1.0.4.tgz",
			"integrity": "sha1-Kb9hXUqnEhvdiYsi1LP5vE4qoD0="
		},
		"text-encoding": {
			"version": "0.6.4",
			"resolved": "https://registry.npmjs.org/text-encoding/-/text-encoding-0.6.4.tgz",
			"integrity": "sha1-45mpgiV6J22uQou5KEXLcb3CbRk=",
			"dev": true
		},
		"to-array": {
			"version": "0.1.4",
			"resolved": "https://registry.npmjs.org/to-array/-/to-array-0.1.4.tgz",
			"integrity": "sha1-F+bBH3PdTz10zaek/zI46a2b+JA="
		},
		"type-detect": {
			"version": "1.0.0",
			"resolved": "https://registry.npmjs.org/type-detect/-/type-detect-1.0.0.tgz",
			"integrity": "sha1-diIXzAbbJY7EiQihKY6LlRIejqI=",
			"dev": true
		},
		"ua-parser-js": {
			"version": "0.7.14",
			"resolved": "https://registry.npmjs.org/ua-parser-js/-/ua-parser-js-0.7.14.tgz",
			"integrity": "sha1-EQ1T+kw/MmwSEpK76skE0uAzh8o="
		},
		"ultron": {
			"version": "1.1.0",
			"resolved": "https://registry.npmjs.org/ultron/-/ultron-1.1.0.tgz",
			"integrity": "sha1-sHoualQagV/Go0zNRTO67DB8qGQ="
		},
		"uuid": {
			"version": "3.1.0",
			"resolved": "https://registry.npmjs.org/uuid/-/uuid-3.1.0.tgz",
			"integrity": "sha512-DIWtzUkw04M4k3bf1IcpS2tngXEL26YUD2M0tMDUpnUrz2hgzUBlD55a4FjdLGPvfHxS6uluGWvaVEqgBcVa+g==",
			"dev": true
		},
		"whatwg-fetch": {
			"version": "2.0.3",
			"resolved": "https://registry.npmjs.org/whatwg-fetch/-/whatwg-fetch-2.0.3.tgz",
			"integrity": "sha1-nITsLc9oGH/wC8ZOEnS0QhduHIQ="
		},
		"wrappy": {
			"version": "1.0.2",
			"resolved": "https://registry.npmjs.org/wrappy/-/wrappy-1.0.2.tgz",
			"integrity": "sha1-tSQ9jz7BqjXxNkYFvA0QNuMKtp8=",
			"dev": true
		},
		"ws": {
			"version": "2.3.1",
			"resolved": "https://registry.npmjs.org/ws/-/ws-2.3.1.tgz",
			"integrity": "sha1-a5Sz5EfLajY/eF6vlK9jWejoHIA=",
			"requires": {
				"safe-buffer": "5.0.1",
				"ultron": "1.1.0"
			}
		},
		"xmlhttprequest-ssl": {
			"version": "1.5.3",
			"resolved": "https://registry.npmjs.org/xmlhttprequest-ssl/-/xmlhttprequest-ssl-1.5.3.tgz",
			"integrity": "sha1-GFqIjATspGw+QHDZn3tJ3jUomS0="
		},
		"yeast": {
			"version": "0.1.2",
			"resolved": "https://registry.npmjs.org/yeast/-/yeast-0.1.2.tgz",
			"integrity": "sha1-AI4G2AlDIMNy28L47XagymyKxBk="
		},
		"zen-observable-ts": {
			"version": "0.4.4",
			"resolved": "https://registry.npmjs.org/zen-observable-ts/-/zen-observable-ts-0.4.4.tgz",
			"integrity": "sha512-SNVY1sWWhoe7FwFmHpD9ERi+7Mhhj3+JdS0BGy2UxLIg7cY+3zQbyZauQCI6DN6YK4uoKNaIm3S7Qkqi1Lr+Fw=="
		}
	}
}
