{
	"requires": true,
	"lockfileVersion": 1,
	"dependencies": {
		"ansi-styles": {
			"version": "3.2.0",
			"resolved": "https://registry.npmjs.org/ansi-styles/-/ansi-styles-3.2.0.tgz",
			"integrity": "sha512-NnSOmMEYtVR2JVMIGTzynRkkaxtiq1xnFBcdQD/DnNCYPoEPsVJhM98BDyaoNOQIi7p4okdi3E27eN7GQbsUug==",
			"requires": {
				"color-convert": "1.9.0"
			}
		},
		"array-back": {
			"version": "2.0.0",
			"resolved": "https://registry.npmjs.org/array-back/-/array-back-2.0.0.tgz",
			"integrity": "sha512-eJv4pLLufP3g5kcZry0j6WXpIbzYw9GUB4mVJZno9wfwiBxbizTnHCw3VJb07cBihbFX48Y7oSrW9y+gt4glyw==",
			"requires": {
				"typical": "2.6.1"
			}
		},
		"builtins": {
			"version": "1.0.3",
			"resolved": "https://registry.npmjs.org/builtins/-/builtins-1.0.3.tgz",
			"integrity": "sha1-y5T662HIaWRR2zZTThQi+U8K7og="
		},
		"chalk": {
			"version": "2.3.0",
			"resolved": "https://registry.npmjs.org/chalk/-/chalk-2.3.0.tgz",
			"integrity": "sha512-Az5zJR2CBujap2rqXGaJKaPHyJ0IrUimvYNX+ncCy8PJP4ltOGTrHUIo097ZaL2zMeKYpiCdqDvS6zdrTFok3Q==",
			"requires": {
				"ansi-styles": "3.2.0",
				"escape-string-regexp": "1.0.5",
				"supports-color": "4.5.0"
			}
		},
		"color-convert": {
			"version": "1.9.0",
			"resolved": "https://registry.npmjs.org/color-convert/-/color-convert-1.9.0.tgz",
			"integrity": "sha1-Gsz5fdc5uYO/mU1W/sj5WFNkG3o=",
			"requires": {
				"color-name": "1.1.3"
			}
		},
		"color-name": {
			"version": "1.1.3",
			"resolved": "https://registry.npmjs.org/color-name/-/color-name-1.1.3.tgz",
			"integrity": "sha1-p9BVi9icQveV3UIyj3QIMcpTvCU="
		},
		"command-line-args": {
			"version": "4.0.7",
			"resolved": "https://registry.npmjs.org/command-line-args/-/command-line-args-4.0.7.tgz",
			"integrity": "sha512-aUdPvQRAyBvQd2n7jXcsMDz68ckBJELXNzBybCHOibUWEg0mWTnaYCSRU8h9R+aNRSvDihJtssSRCiDRpLaezA==",
			"requires": {
				"array-back": "2.0.0",
				"find-replace": "1.0.3",
				"typical": "2.6.1"
			}
		},
		"cross-spawn": {
			"version": "5.1.0",
			"resolved": "https://registry.npmjs.org/cross-spawn/-/cross-spawn-5.1.0.tgz",
			"integrity": "sha1-6L0O/uWPz/b4+UUQoKVUu/ojVEk=",
			"requires": {
				"lru-cache": "4.1.1",
				"shebang-command": "1.2.0",
				"which": "1.3.0"
			}
		},
		"escape-string-regexp": {
			"version": "1.0.5",
			"resolved": "https://registry.npmjs.org/escape-string-regexp/-/escape-string-regexp-1.0.5.tgz",
			"integrity": "sha1-G2HAViGQqN/2rjuyzwIAyhMLhtQ="
		},
		"find-replace": {
			"version": "1.0.3",
			"resolved": "https://registry.npmjs.org/find-replace/-/find-replace-1.0.3.tgz",
			"integrity": "sha1-uI5zZNLZyVlVnziMZmcNYTBEH6A=",
			"requires": {
				"array-back": "1.0.4",
				"test-value": "2.1.0"
			},
			"dependencies": {
				"array-back": {
					"version": "1.0.4",
					"resolved": "https://registry.npmjs.org/array-back/-/array-back-1.0.4.tgz",
					"integrity": "sha1-ZEun8JX3/898Q7Xw3DnTwfA8Bjs=",
					"requires": {
						"typical": "2.6.1"
					}
				}
			}
		},
		"fs-extra": {
			"version": "4.0.2",
			"resolved": "https://registry.npmjs.org/fs-extra/-/fs-extra-4.0.2.tgz",
			"integrity": "sha1-+RcExT0bRh+JNFKwwwfZmXZHq2s=",
			"requires": {
				"graceful-fs": "4.1.11",
				"jsonfile": "4.0.0",
				"universalify": "0.1.1"
			}
		},
		"graceful-fs": {
			"version": "4.1.11",
			"resolved": "https://registry.npmjs.org/graceful-fs/-/graceful-fs-4.1.11.tgz",
			"integrity": "sha1-Dovf5NHduIVNZOBOp8AOKgJuVlg="
		},
		"has-flag": {
			"version": "2.0.0",
			"resolved": "https://registry.npmjs.org/has-flag/-/has-flag-2.0.0.tgz",
			"integrity": "sha1-6CB68cx7MNRGzHC3NLXovhj4jVE="
		},
		"isexe": {
			"version": "2.0.0",
			"resolved": "https://registry.npmjs.org/isexe/-/isexe-2.0.0.tgz",
			"integrity": "sha1-6PvzdNxVb/iUehDcsFctYz8s+hA="
		},
		"jsonfile": {
			"version": "4.0.0",
			"resolved": "https://registry.npmjs.org/jsonfile/-/jsonfile-4.0.0.tgz",
			"integrity": "sha1-h3Gq4HmbZAdrdmQPygWPnBDjPss=",
			"requires": {
				"graceful-fs": "4.1.11"
			}
		},
		"lru-cache": {
			"version": "4.1.1",
			"resolved": "https://registry.npmjs.org/lru-cache/-/lru-cache-4.1.1.tgz",
			"integrity": "sha512-q4spe4KTfsAS1SUHLO0wz8Qiyf1+vMIAgpRYioFYDMNqKfHQbg+AVDH3i4fvpl71/P1L0dBl+fQi+P37UYf0ew==",
			"requires": {
				"pseudomap": "1.0.2",
				"yallist": "2.1.2"
			}
		},
		"pseudomap": {
			"version": "1.0.2",
			"resolved": "https://registry.npmjs.org/pseudomap/-/pseudomap-1.0.2.tgz",
			"integrity": "sha1-8FKijacOYYkX7wqKw0wa5aaChrM="
		},
		"regenerator-runtime": {
			"version": "0.11.0",
			"resolved": "https://registry.npmjs.org/regenerator-runtime/-/regenerator-runtime-0.11.0.tgz",
			"integrity": "sha512-/aA0kLeRb5N9K0d4fw7ooEbI+xDe+DKD499EQqygGqeS8N3xto15p09uY2xj7ixP81sNPXvRLnAQIqdVStgb1A=="
		},
		"shebang-command": {
			"version": "1.2.0",
			"resolved": "https://registry.npmjs.org/shebang-command/-/shebang-command-1.2.0.tgz",
			"integrity": "sha1-RKrGW2lbAzmJaMOfNj/uXer98eo=",
			"requires": {
				"shebang-regex": "1.0.0"
			}
		},
		"shebang-regex": {
			"version": "1.0.0",
			"resolved": "https://registry.npmjs.org/shebang-regex/-/shebang-regex-1.0.0.tgz",
			"integrity": "sha1-2kL0l0DAtC2yypcoVxyxkMmO/qM="
		},
		"supports-color": {
			"version": "4.5.0",
			"resolved": "https://registry.npmjs.org/supports-color/-/supports-color-4.5.0.tgz",
			"integrity": "sha1-vnoN5ITexcXN34s9WRJQRJEvY1s=",
			"requires": {
				"has-flag": "2.0.0"
			}
		},
		"test-value": {
			"version": "2.1.0",
			"resolved": "https://registry.npmjs.org/test-value/-/test-value-2.1.0.tgz",
			"integrity": "sha1-Edpv9nDzRxpztiXKTz/c97t0gpE=",
			"requires": {
				"array-back": "1.0.4",
				"typical": "2.6.1"
			},
			"dependencies": {
				"array-back": {
					"version": "1.0.4",
					"resolved": "https://registry.npmjs.org/array-back/-/array-back-1.0.4.tgz",
					"integrity": "sha1-ZEun8JX3/898Q7Xw3DnTwfA8Bjs=",
					"requires": {
						"typical": "2.6.1"
					}
				}
			}
		},
		"typical": {
			"version": "2.6.1",
			"resolved": "https://registry.npmjs.org/typical/-/typical-2.6.1.tgz",
			"integrity": "sha1-XAgOXWYcu+OCWdLnCjxyU+hziB0="
		},
		"universalify": {
			"version": "0.1.1",
			"resolved": "https://registry.npmjs.org/universalify/-/universalify-0.1.1.tgz",
			"integrity": "sha1-+nG63UQ3r0wUiEHjs7Fl+enlkLc="
		},
		"validate-npm-package-name": {
			"version": "3.0.0",
			"resolved": "https://registry.npmjs.org/validate-npm-package-name/-/validate-npm-package-name-3.0.0.tgz",
			"integrity": "sha1-X6kS2B630MdK/BQN5zF/DKffQ34=",
			"requires": {
				"builtins": "1.0.3"
			}
		},
		"which": {
			"version": "1.3.0",
			"resolved": "https://registry.npmjs.org/which/-/which-1.3.0.tgz",
			"integrity": "sha512-xcJpopdamTuY5duC/KnTTNBraPK54YwpenP4lzxU8H91GudWpFv38u0CKjclE1Wi2EH2EDz5LRcHcKbCIzqGyg==",
			"requires": {
				"isexe": "2.0.0"
			}
		},
		"yallist": {
			"version": "2.1.2",
			"resolved": "https://registry.npmjs.org/yallist/-/yallist-2.1.2.tgz",
			"integrity": "sha1-HBH5IY8HYImkfdUS+TxmmaaoHVI="
		}
	}
}
